
Microsoft Visual Studio Solution File, Format Version 12.00
# Visual Studio Version 17
VisualStudioVersion = 17.14.36202.13 d17.14
MinimumVisualStudioVersion = 10.0.40219.1
Project("{FAE04EC0-301F-11D3-BF4B-00C04F79EFBC}") = "Backendec", "Backendec\Backendec.csproj", "{1419E228-A04B-47D3-A00B-F539D7DB3792}"
EndProject
Global
	GlobalSection(SolutionConfigurationPlatforms) = preSolution
		Debug|Any CPU = Debug|Any CPU
		Release|Any CPU = Release|Any CPU
	EndGlobalSection
	GlobalSection(ProjectConfigurationPlatforms) = postSolution
		{1419E228-A04B-47D3-A00B-F539D7DB3792}.Debug|Any CPU.ActiveCfg = Debug|Any CPU
		{1419E228-A04B-47D3-A00B-F539D7DB3792}.Debug|Any CPU.Build.0 = Debug|Any CPU
		{1419E228-A04B-47D3-A00B-F539D7DB3792}.Release|Any CPU.ActiveCfg = Release|Any CPU
		{1419E228-A04B-47D3-A00B-F539D7DB3792}.Release|Any CPU.Build.0 = Release|Any CPU
	EndGlobalSection
	GlobalSection(SolutionProperties) = preSolution
		HideSolutionNode = FALSE
	EndGlobalSection
	GlobalSection(ExtensibilityGlobals) = postSolution
		SolutionGuid = {D5C75F28-5238-45A5-9E56-FB7AB7A99B38}
	EndGlobalSection
EndGlobal
